// !$*UTF8*$!
{
	archiveVersion = 1;
	classes = {
	};
	objectVersion = 56;
	objects = {

/* Begin PBXBuildFile section */
		ECFBD0B22C100A2A00D4D0A8 /* AppDelegate.swift in Sources */ = {isa = PBXBuildFile; fileRef = ECFBD0B12C100A2A00D4D0A8 /* AppDelegate.swift */; };
		ECFBD0B42C100A2A00D4D0A8 /* SceneDelegate.swift in Sources */ = {isa = PBXBuildFile; fileRef = ECFBD0B32C100A2A00D4D0A8 /* SceneDelegate.swift */; };
		ECFBD0B62C100A2A00D4D0A8 /* ViewController.swift in Sources */ = {isa = PBXBuildFile; fileRef = ECFBD0B52C100A2A00D4D0A8 /* ViewController.swift */; };
		ECFBD0B92C100A2A00D4D0A8 /* Base in Resources */ = {isa = PBXBuildFile; fileRef = ECFBD0B82C100A2A00D4D0A8 /* Base */; };
		ECFBD0BB2C100A2B00D4D0A8 /* Assets.xcassets in Resources */ = {isa = PBXBuildFile; fileRef = ECFBD0BA2C100A2B00D4D0A8 /* Assets.xcassets */; };
		ECFBD0BE2C100A2B00D4D0A8 /* Base in Resources */ = {isa = PBXBuildFile; fileRef = ECFBD0BD2C100A2B00D4D0A8 /* Base */; };
		ECFBD0C92C100A2B00D4D0A8 /* CalculatorUITests.swift in Sources */ = {isa = PBXBuildFile; fileRef = ECFBD0C82C100A2B00D4D0A8 /* CalculatorUITests.swift */; };
		ECFBD0D32C100A2B00D4D0A8 /* CalculatorUIUITests.swift in Sources */ = {isa = PBXBuildFile; fileRef = ECFBD0D22C100A2B00D4D0A8 /* CalculatorUIUITests.swift */; };
		ECFBD0D52C100A2B00D4D0A8 /* CalculatorUIUITestsLaunchTests.swift in Sources */ = {isa = PBXBuildFile; fileRef = ECFBD0D42C100A2B00D4D0A8 /* CalculatorUIUITestsLaunchTests.swift */; };
/* End PBXBuildFile section */

/* Begin PBXContainerItemProxy section */
		ECFBD0C52C100A2B00D4D0A8 /* PBXContainerItemProxy */ = {
			isa = PBXContainerItemProxy;
			containerPortal = ECFBD0A62C100A2A00D4D0A8 /* Project object */;
			proxyType = 1;
			remoteGlobalIDString = ECFBD0AD2C100A2A00D4D0A8;
			remoteInfo = CalculatorUI;
		};
		ECFBD0CF2C100A2B00D4D0A8 /* PBXContainerItemProxy */ = {
			isa = PBXContainerItemProxy;
			containerPortal = ECFBD0A62C100A2A00D4D0A8 /* Project object */;
			proxyType = 1;
			remoteGlobalIDString = ECFBD0AD2C100A2A00D4D0A8;
			remoteInfo = CalculatorUI;
		};
/* End PBXContainerItemProxy section */

/* Begin PBXFileReference section */
		ECFBD0AE2C100A2A00D4D0A8 /* CalculatorUI.app */ = {isa = PBXFileReference; explicitFileType = wrapper.application; includeInIndex = 0; path = CalculatorUI.app; sourceTree = BUILT_PRODUCTS_DIR; };
		ECFBD0B12C100A2A00D4D0A8 /* AppDelegate.swift */ = {isa = PBXFileReference; lastKnownFileType = sourcecode.swift; path = AppDelegate.swift; sourceTree = "<group>"; };
		ECFBD0B32C100A2A00D4D0A8 /* SceneDelegate.swift */ = {isa = PBXFileReference; lastKnownFileType = sourcecode.swift; path = SceneDelegate.swift; sourceTree = "<group>"; };
		ECFBD0B52C100A2A00D4D0A8 /* ViewController.swift */ = {isa = PBXFileReference; lastKnownFileType = sourcecode.swift; path = ViewController.swift; sourceTree = "<group>"; };
		ECFBD0B82C100A2A00D4D0A8 /* Base */ = {isa = PBXFileReference; lastKnownFileType = file.storyboard; name = Base; path = Base.lproj/Main.storyboard; sourceTree = "<group>"; };
		ECFBD0BA2C100A2B00D4D0A8 /* Assets.xcassets */ = {isa = PBXFileReference; lastKnownFileType = folder.assetcatalog; path = Assets.xcassets; sourceTree = "<group>"; };
		ECFBD0BD2C100A2B00D4D0A8 /* Base */ = {isa = PBXFileReference; lastKnownFileType = file.storyboard; name = Base; path = Base.lproj/LaunchScreen.storyboard; sourceTree = "<group>"; };
		ECFBD0BF2C100A2B00D4D0A8 /* Info.plist */ = {isa = PBXFileReference; lastKnownFileType = text.plist.xml; path = Info.plist; sourceTree = "<group>"; };
		ECFBD0C42C100A2B00D4D0A8 /* CalculatorUITests.xctest */ = {isa = PBXFileReference; explicitFileType = wrapper.cfbundle; includeInIndex = 0; path = CalculatorUITests.xctest; sourceTree = BUILT_PRODUCTS_DIR; };
		ECFBD0C82C100A2B00D4D0A8 /* CalculatorUITests.swift */ = {isa = PBXFileReference; lastKnownFileType = sourcecode.swift; path = CalculatorUITests.swift; sourceTree = "<group>"; };
		ECFBD0CE2C100A2B00D4D0A8 /* CalculatorUIUITests.xctest */ = {isa = PBXFileReference; explicitFileType = wrapper.cfbundle; includeInIndex = 0; path = CalculatorUIUITests.xctest; sourceTree = BUILT_PRODUCTS_DIR; };
		ECFBD0D22C100A2B00D4D0A8 /* CalculatorUIUITests.swift */ = {isa = PBXFileReference; lastKnownFileType = sourcecode.swift; path = CalculatorUIUITests.swift; sourceTree = "<group>"; };
		ECFBD0D42C100A2B00D4D0A8 /* CalculatorUIUITestsLaunchTests.swift */ = {isa = PBXFileReference; lastKnownFileType = sourcecode.swift; path = CalculatorUIUITestsLaunchTests.swift; sourceTree = "<group>"; };
/* End PBXFileReference section */

/* Begin PBXFrameworksBuildPhase section */
		ECFBD0AB2C100A2A00D4D0A8 /* Frameworks */ = {
			isa = PBXFrameworksBuildPhase;
			buildActionMask = 2147483647;
			files = (
			);
			runOnlyForDeploymentPostprocessing = 0;
		};
		ECFBD0C12C100A2B00D4D0A8 /* Frameworks */ = {
			isa = PBXFrameworksBuildPhase;
			buildActionMask = 2147483647;
			files = (
			);
			runOnlyForDeploymentPostprocessing = 0;
		};
		ECFBD0CB2C100A2B00D4D0A8 /* Frameworks */ = {
			isa = PBXFrameworksBuildPhase;
			buildActionMask = 2147483647;
			files = (
			);
			runOnlyForDeploymentPostprocessing = 0;
		};
/* End PBXFrameworksBuildPhase section */

/* Begin PBXGroup section */
		ECFBD0A52C100A2A00D4D0A8 = {
			isa = PBXGroup;
			children = (
				ECFBD0B02C100A2A00D4D0A8 /* CalculatorUI */,
				ECFBD0C72C100A2B00D4D0A8 /* CalculatorUITests */,
				ECFBD0D12C100A2B00D4D0A8 /* CalculatorUIUITests */,
				ECFBD0AF2C100A2A00D4D0A8 /* Products */,
			);
			sourceTree = "<group>";
		};
		ECFBD0AF2C100A2A00D4D0A8 /* Products */ = {
			isa = PBXGroup;
			children = (
				ECFBD0AE2C100A2A00D4D0A8 /* CalculatorUI.app */,
				ECFBD0C42C100A2B00D4D0A8 /* CalculatorUITests.xctest */,
				ECFBD0CE2C100A2B00D4D0A8 /* CalculatorUIUITests.xctest */,
			);
			name = Products;
			sourceTree = "<group>";
		};
		ECFBD0B02C100A2A00D4D0A8 /* CalculatorUI */ = {
			isa = PBXGroup;
			children = (
				ECFBD0B12C100A2A00D4D0A8 /* AppDelegate.swift */,
				ECFBD0B32C100A2A00D4D0A8 /* SceneDelegate.swift */,
				ECFBD0B52C100A2A00D4D0A8 /* ViewController.swift */,
				ECFBD0B72C100A2A00D4D0A8 /* Main.storyboard */,
				ECFBD0BA2C100A2B00D4D0A8 /* Assets.xcassets */,
				ECFBD0BC2C100A2B00D4D0A8 /* LaunchScreen.storyboard */,
				ECFBD0BF2C100A2B00D4D0A8 /* Info.plist */,
			);
			path = CalculatorUI;
			sourceTree = "<group>";
		};
		ECFBD0C72C100A2B00D4D0A8 /* CalculatorUITests */ = {
			isa = PBXGroup;
			children = (
				ECFBD0C82C100A2B00D4D0A8 /* CalculatorUITests.swift */,
			);
			path = CalculatorUITests;
			sourceTree = "<group>";
		};
		ECFBD0D12C100A2B00D4D0A8 /* CalculatorUIUITests */ = {
			isa = PBXGroup;
			children = (
				ECFBD0D22C100A2B00D4D0A8 /* CalculatorUIUITests.swift */,
				ECFBD0D42C100A2B00D4D0A8 /* CalculatorUIUITestsLaunchTests.swift */,
			);
			path = CalculatorUIUITests;
			sourceTree = "<group>";
		};
/* End PBXGroup section */

/* Begin PBXNativeTarget section */
		ECFBD0AD2C100A2A00D4D0A8 /* CalculatorUI */ = {
			isa = PBXNativeTarget;
			buildConfigurationList = ECFBD0D82C100A2B00D4D0A8 /* Build configuration list for PBXNativeTarget "CalculatorUI" */;
			buildPhases = (
				ECFBD0AA2C100A2A00D4D0A8 /* Sources */,
				ECFBD0AB2C100A2A00D4D0A8 /* Frameworks */,
				ECFBD0AC2C100A2A00D4D0A8 /* Resources */,
			);
			buildRules = (
			);
			dependencies = (
			);
			name = CalculatorUI;
			productName = CalculatorUI;
			productReference = ECFBD0AE2C100A2A00D4D0A8 /* CalculatorUI.app */;
			productType = "com.apple.product-type.application";
		};
		ECFBD0C32C100A2B00D4D0A8 /* CalculatorUITests */ = {
			isa = PBXNativeTarget;
			buildConfigurationList = ECFBD0DB2C100A2B00D4D0A8 /* Build configuration list for PBXNativeTarget "CalculatorUITests" */;
			buildPhases = (
				ECFBD0C02C100A2B00D4D0A8 /* Sources */,
				ECFBD0C12C100A2B00D4D0A8 /* Frameworks */,
				ECFBD0C22C100A2B00D4D0A8 /* Resources */,
			);
			buildRules = (
			);
			dependencies = (
				ECFBD0C62C100A2B00D4D0A8 /* PBXTargetDependency */,
			);
			name = CalculatorUITests;
			productName = CalculatorUITests;
			productReference = ECFBD0C42C100A2B00D4D0A8 /* CalculatorUITests.xctest */;
			productType = "com.apple.product-type.bundle.unit-test";
		};
		ECFBD0CD2C100A2B00D4D0A8 /* CalculatorUIUITests */ = {
			isa = PBXNativeTarget;
			buildConfigurationList = ECFBD0DE2C100A2B00D4D0A8 /* Build configuration list for PBXNativeTarget "CalculatorUIUITests" */;
			buildPhases = (
				ECFBD0CA2C100A2B00D4D0A8 /* Sources */,
				ECFBD0CB2C100A2B00D4D0A8 /* Frameworks */,
				ECFBD0CC2C100A2B00D4D0A8 /* Resources */,
			);
			buildRules = (
			);
			dependencies = (
				ECFBD0D02C100A2B00D4D0A8 /* PBXTargetDependency */,
			);
			name = CalculatorUIUITests;
			productName = CalculatorUIUITests;
			productReference = ECFBD0CE2C100A2B00D4D0A8 /* CalculatorUIUITests.xctest */;
			productType = "com.apple.product-type.bundle.ui-testing";
		};
/* End PBXNativeTarget section */

/* Begin PBXProject section */
		ECFBD0A62C100A2A00D4D0A8 /* Project object */ = {
			isa = PBXProject;
			attributes = {
				BuildIndependentTargetsInParallel = 1;
				LastSwiftUpdateCheck = 1540;
				LastUpgradeCheck = 1540;
				TargetAttributes = {
					ECFBD0AD2C100A2A00D4D0A8 = {
						CreatedOnToolsVersion = 15.4;
					};
					ECFBD0C32C100A2B00D4D0A8 = {
						CreatedOnToolsVersion = 15.4;
						TestTargetID = ECFBD0AD2C100A2A00D4D0A8;
					};
					ECFBD0CD2C100A2B00D4D0A8 = {
						CreatedOnToolsVersion = 15.4;
						TestTargetID = ECFBD0AD2C100A2A00D4D0A8;
					};
				};
			};
			buildConfigurationList = ECFBD0A92C100A2A00D4D0A8 /* Build configuration list for PBXProject "CalculatorUI" */;
			compatibilityVersion = "Xcode 14.0";
			developmentRegion = en;
			hasScannedForEncodings = 0;
			knownRegions = (
				en,
				Base,
			);
			mainGroup = ECFBD0A52C100A2A00D4D0A8;
			productRefGroup = ECFBD0AF2C100A2A00D4D0A8 /* Products */;
			projectDirPath = "";
			projectRoot = "";
			targets = (
				ECFBD0AD2C100A2A00D4D0A8 /* CalculatorUI */,
				ECFBD0C32C100A2B00D4D0A8 /* CalculatorUITests */,
				ECFBD0CD2C100A2B00D4D0A8 /* CalculatorUIUITests */,
			);
		};
/* End PBXProject section */

/* Begin PBXResourcesBuildPhase section */
		ECFBD0AC2C100A2A00D4D0A8 /* Resources */ = {
			isa = PBXResourcesBuildPhase;
			buildActionMask = 2147483647;
			files = (
				ECFBD0BB2C100A2B00D4D0A8 /* Assets.xcassets in Resources */,
				ECFBD0BE2C100A2B00D4D0A8 /* Base in Resources */,
				ECFBD0B92C100A2A00D4D0A8 /* Base in Resources */,
			);
			runOnlyForDeploymentPostprocessing = 0;
		};
		ECFBD0C22C100A2B00D4D0A8 /* Resources */ = {
			isa = PBXResourcesBuildPhase;
			buildActionMask = 2147483647;
			files = (
			);
			runOnlyForDeploymentPostprocessing = 0;
		};
		ECFBD0CC2C100A2B00D4D0A8 /* Resources */ = {
			isa = PBXResourcesBuildPhase;
			buildActionMask = 2147483647;
			files = (
			);
			runOnlyForDeploymentPostprocessing = 0;
		};
/* End PBXResourcesBuildPhase section */

/* Begin PBXSourcesBuildPhase section */
		ECFBD0AA2C100A2A00D4D0A8 /* Sources */ = {
			isa = PBXSourcesBuildPhase;
			buildActionMask = 2147483647;
			files = (
				ECFBD0B62C100A2A00D4D0A8 /* ViewController.swift in Sources */,
				ECFBD0B22C100A2A00D4D0A8 /* AppDelegate.swift in Sources */,
				ECFBD0B42C100A2A00D4D0A8 /* SceneDelegate.swift in Sources */,
			);
			runOnlyForDeploymentPostprocessing = 0;
		};
		ECFBD0C02C100A2B00D4D0A8 /* Sources */ = {
			isa = PBXSourcesBuildPhase;
			buildActionMask = 2147483647;
			files = (
				ECFBD0C92C100A2B00D4D0A8 /* CalculatorUITests.swift in Sources */,
			);
			runOnlyForDeploymentPostprocessing = 0;
		};
		ECFBD0CA2C100A2B00D4D0A8 /* Sources */ = {
			isa = PBXSourcesBuildPhase;
			buildActionMask = 2147483647;
			files = (
				ECFBD0D52C100A2B00D4D0A8 /* CalculatorUIUITestsLaunchTests.swift in Sources */,
				ECFBD0D32C100A2B00D4D0A8 /* CalculatorUIUITests.swift in Sources */,
			);
			runOnlyForDeploymentPostprocessing = 0;
		};
/* End PBXSourcesBuildPhase section */

/* Begin PBXTargetDependency section */
		ECFBD0C62C100A2B00D4D0A8 /* PBXTargetDependency */ = {
			isa = PBXTargetDependency;
			target = ECFBD0AD2C100A2A00D4D0A8 /* CalculatorUI */;
			targetProxy = ECFBD0C52C100A2B00D4D0A8 /* PBXContainerItemProxy */;
		};
		ECFBD0D02C100A2B00D4D0A8 /* PBXTargetDependency */ = {
			isa = PBXTargetDependency;
			target = ECFBD0AD2C100A2A00D4D0A8 /* CalculatorUI */;
			targetProxy = ECFBD0CF2C100A2B00D4D0A8 /* PBXContainerItemProxy */;
		};
/* End PBXTargetDependency section */

/* Begin PBXVariantGroup section */
		ECFBD0B72C100A2A00D4D0A8 /* Main.storyboard */ = {
			isa = PBXVariantGroup;
			children = (
				ECFBD0B82C100A2A00D4D0A8 /* Base */,
			);
			name = Main.storyboard;
			sourceTree = "<group>";
		};
		ECFBD0BC2C100A2B00D4D0A8 /* LaunchScreen.storyboard */ = {
			isa = PBXVariantGroup;
			children = (
				ECFBD0BD2C100A2B00D4D0A8 /* Base */,
			);
			name = LaunchScreen.storyboard;
			sourceTree = "<group>";
		};
/* End PBXVariantGroup section */

/* Begin XCBuildConfiguration section */
		ECFBD0D62C100A2B00D4D0A8 /* Debug */ = {
			isa = XCBuildConfiguration;
			buildSettings = {
				ALWAYS_SEARCH_USER_PATHS = NO;
				ASSETCATALOG_COMPILER_GENERATE_SWIFT_ASSET_SYMBOL_EXTENSIONS = YES;
				CLANG_ANALYZER_NONNULL = YES;
				CLANG_ANALYZER_NUMBER_OBJECT_CONVERSION = YES_AGGRESSIVE;
				CLANG_CXX_LANGUAGE_STANDARD = "gnu++20";
				CLANG_ENABLE_MODULES = YES;
				CLANG_ENABLE_OBJC_ARC = YES;
				CLANG_ENABLE_OBJC_WEAK = YES;
				CLANG_WARN_BLOCK_CAPTURE_AUTORELEASING = YES;
				CLANG_WARN_BOOL_CONVERSION = YES;
				CLANG_WARN_COMMA = YES;
				CLANG_WARN_CONSTANT_CONVERSION = YES;
				CLANG_WARN_DEPRECATED_OBJC_IMPLEMENTATIONS = YES;
				CLANG_WARN_DIRECT_OBJC_ISA_USAGE = YES_ERROR;
				CLANG_WARN_DOCUMENTATION_COMMENTS = YES;
				CLANG_WARN_EMPTY_BODY = YES;
				CLANG_WARN_ENUM_CONVERSION = YES;
				CLANG_WARN_INFINITE_RECURSION = YES;
				CLANG_WARN_INT_CONVERSION = YES;
				CLANG_WARN_NON_LITERAL_NULL_CONVERSION = YES;
				CLANG_WARN_OBJC_IMPLICIT_RETAIN_SELF = YES;
				CLANG_WARN_OBJC_LITERAL_CONVERSION = YES;
				CLANG_WARN_OBJC_ROOT_CLASS = YES_ERROR;
				CLANG_WARN_QUOTED_INCLUDE_IN_FRAMEWORK_HEADER = YES;
				CLANG_WARN_RANGE_LOOP_ANALYSIS = YES;
				CLANG_WARN_STRICT_PROTOTYPES = YES;
				CLANG_WARN_SUSPICIOUS_MOVE = YES;
				CLANG_WARN_UNGUARDED_AVAILABILITY = YES_AGGRESSIVE;
				CLANG_WARN_UNREACHABLE_CODE = YES;
				CLANG_WARN__DUPLICATE_METHOD_MATCH = YES;
				COPY_PHASE_STRIP = NO;
				DEBUG_INFORMATION_FORMAT = dwarf;
				ENABLE_STRICT_OBJC_MSGSEND = YES;
				ENABLE_TESTABILITY = YES;
				ENABLE_USER_SCRIPT_SANDBOXING = YES;
				GCC_C_LANGUAGE_STANDARD = gnu17;
				GCC_DYNAMIC_NO_PIC = NO;
				GCC_NO_COMMON_BLOCKS = YES;
				GCC_OPTIMIZATION_LEVEL = 0;
				GCC_PREPROCESSOR_DEFINITIONS = (
					"DEBUG=1",
					"$(inherited)",
				);
				GCC_WARN_64_TO_32_BIT_CONVERSION = YES;
				GCC_WARN_ABOUT_RETURN_TYPE = YES_ERROR;
				GCC_WARN_UNDECLARED_SELECTOR = YES;
				GCC_WARN_UNINITIALIZED_AUTOS = YES_AGGRESSIVE;
				GCC_WARN_UNUSED_FUNCTION = YES;
				GCC_WARN_UNUSED_VARIABLE = YES;
				IPHONEOS_DEPLOYMENT_TARGET = 17.5;
				LOCALIZATION_PREFERS_STRING_CATALOGS = YES;
				MTL_ENABLE_DEBUG_INFO = INCLUDE_SOURCE;
				MTL_FAST_MATH = YES;
				ONLY_ACTIVE_ARCH = YES;
				SDKROOT = iphoneos;
				SWIFT_ACTIVE_COMPILATION_CONDITIONS = "DEBUG $(inherited)";
				SWIFT_OPTIMIZATION_LEVEL = "-Onone";
			};
			name = Debug;
		};
		ECFBD0D72C100A2B00D4D0A8 /* Release */ = {
			isa = XCBuildConfiguration;
			buildSettings = {
				ALWAYS_SEARCH_USER_PATHS = NO;
				ASSETCATALOG_COMPILER_GENERATE_SWIFT_ASSET_SYMBOL_EXTENSIONS = YES;
				CLANG_ANALYZER_NONNULL = YES;
				CLANG_ANALYZER_NUMBER_OBJECT_CONVERSION = YES_AGGRESSIVE;
				CLANG_CXX_LANGUAGE_STANDARD = "gnu++20";
				CLANG_ENABLE_MODULES = YES;
				CLANG_ENABLE_OBJC_ARC = YES;
				CLANG_ENABLE_OBJC_WEAK = YES;
				CLANG_WARN_BLOCK_CAPTURE_AUTORELEASING = YES;
				CLANG_WARN_BOOL_CONVERSION = YES;
				CLANG_WARN_COMMA = YES;
				CLANG_WARN_CONSTANT_CONVERSION = YES;
				CLANG_WARN_DEPRECATED_OBJC_IMPLEMENTATIONS = YES;
				CLANG_WARN_DIRECT_OBJC_ISA_USAGE = YES_ERROR;
				CLANG_WARN_DOCUMENTATION_COMMENTS = YES;
				CLANG_WARN_EMPTY_BODY = YES;
				CLANG_WARN_ENUM_CONVERSION = YES;
				CLANG_WARN_INFINITE_RECURSION = YES;
				CLANG_WARN_INT_CONVERSION = YES;
				CLANG_WARN_NON_LITERAL_NULL_CONVERSION = YES;
				CLANG_WARN_OBJC_IMPLICIT_RETAIN_SELF = YES;
				CLANG_WARN_OBJC_LITERAL_CONVERSION = YES;
				CLANG_WARN_OBJC_ROOT_CLASS = YES_ERROR;
				CLANG_WARN_QUOTED_INCLUDE_IN_FRAMEWORK_HEADER = YES;
				CLANG_WARN_RANGE_LOOP_ANALYSIS = YES;
				CLANG_WARN_STRICT_PROTOTYPES = YES;
				CLANG_WARN_SUSPICIOUS_MOVE = YES;
				CLANG_WARN_UNGUARDED_AVAILABILITY = YES_AGGRESSIVE;
				CLANG_WARN_UNREACHABLE_CODE = YES;
				CLANG_WARN__DUPLICATE_METHOD_MATCH = YES;
				COPY_PHASE_STRIP = NO;
				DEBUG_INFORMATION_FORMAT = "dwarf-with-dsym";
				ENABLE_NS_ASSERTIONS = NO;
				ENABLE_STRICT_OBJC_MSGSEND = YES;
				ENABLE_USER_SCRIPT_SANDBOXING = YES;
				GCC_C_LANGUAGE_STANDARD = gnu17;
				GCC_NO_COMMON_BLOCKS = YES;
				GCC_WARN_64_TO_32_BIT_CONVERSION = YES;
				GCC_WARN_ABOUT_RETURN_TYPE = YES_ERROR;
				GCC_WARN_UNDECLARED_SELECTOR = YES;
				GCC_WARN_UNINITIALIZED_AUTOS = YES_AGGRESSIVE;
				GCC_WARN_UNUSED_FUNCTION = YES;
				GCC_WARN_UNUSED_VARIABLE = YES;
				IPHONEOS_DEPLOYMENT_TARGET = 17.5;
				LOCALIZATION_PREFERS_STRING_CATALOGS = YES;
				MTL_ENABLE_DEBUG_INFO = NO;
				MTL_FAST_MATH = YES;
				SDKROOT = iphoneos;
				SWIFT_COMPILATION_MODE = wholemodule;
				VALIDATE_PRODUCT = YES;
			};
			name = Release;
		};
		ECFBD0D92C100A2B00D4D0A8 /* Debug */ = {
			isa = XCBuildConfiguration;
			buildSettings = {
				ASSETCATALOG_COMPILER_APPICON_NAME = AppIcon;
				ASSETCATALOG_COMPILER_GLOBAL_ACCENT_COLOR_NAME = AccentColor;
				CODE_SIGN_STYLE = Automatic;
				CURRENT_PROJECT_VERSION = 1;
				GENERATE_INFOPLIST_FILE = YES;
				INFOPLIST_FILE = CalculatorUI/Info.plist;
				INFOPLIST_KEY_UIApplicationSupportsIndirectInputEvents = YES;
				INFOPLIST_KEY_UILaunchStoryboardName = LaunchScreen;
				INFOPLIST_KEY_UIMainStoryboardFile = Main;
				INFOPLIST_KEY_UISupportedInterfaceOrientations_iPad = "UIInterfaceOrientationPortrait UIInterfaceOrientationPortraitUpsideDown UIInterfaceOrientationLandscapeLeft UIInterfaceOrientationLandscapeRight";
				INFOPLIST_KEY_UISupportedInterfaceOrientations_iPhone = "UIInterfaceOrientationPortrait UIInterfaceOrientationLandscapeLeft UIInterfaceOrientationLandscapeRight";
				LD_RUNPATH_SEARCH_PATHS = (
					"$(inherited)",
					"@executable_path/Frameworks",
				);
				MARKETING_VERSION = 1.0;
				PRODUCT_BUNDLE_IDENTIFIER = edu.auburn.onlinecsse.CalculatorUI;
				PRODUCT_NAME = "$(TARGET_NAME)";
				SWIFT_EMIT_LOC_STRINGS = YES;
				SWIFT_VERSION = 5.0;
				TARGETED_DEVICE_FAMILY = "1,2";
			};
			name = Debug;
		};
		ECFBD0DA2C100A2B00D4D0A8 /* Release */ = {
			isa = XCBuildConfiguration;
			buildSettings = {
				ASSETCATALOG_COMPILER_APPICON_NAME = AppIcon;
				ASSETCATALOG_COMPILER_GLOBAL_ACCENT_COLOR_NAME = AccentColor;
				CODE_SIGN_STYLE = Automatic;
				CURRENT_PROJECT_VERSION = 1;
				GENERATE_INFOPLIST_FILE = YES;
				INFOPLIST_FILE = CalculatorUI/Info.plist;
				INFOPLIST_KEY_UIApplicationSupportsIndirectInputEvents = YES;
				INFOPLIST_KEY_UILaunchStoryboardName = LaunchScreen;
				INFOPLIST_KEY_UIMainStoryboardFile = Main;
				INFOPLIST_KEY_UISupportedInterfaceOrientations_iPad = "UIInterfaceOrientationPortrait UIInterfaceOrientationPortraitUpsideDown UIInterfaceOrientationLandscapeLeft UIInterfaceOrientationLandscapeRight";
				INFOPLIST_KEY_UISupportedInterfaceOrientations_iPhone = "UIInterfaceOrientationPortrait UIInterfaceOrientationLandscapeLeft UIInterfaceOrientationLandscapeRight";
				LD_RUNPATH_SEARCH_PATHS = (
					"$(inherited)",
					"@executable_path/Frameworks",
				);
				MARKETING_VERSION = 1.0;
				PRODUCT_BUNDLE_IDENTIFIER = edu.auburn.onlinecsse.CalculatorUI;
				PRODUCT_NAME = "$(TARGET_NAME)";
				SWIFT_EMIT_LOC_STRINGS = YES;
				SWIFT_VERSION = 5.0;
				TARGETED_DEVICE_FAMILY = "1,2";
			};
			name = Release;
		};
		ECFBD0DC2C100A2B00D4D0A8 /* Debug */ = {
			isa = XCBuildConfiguration;
			buildSettings = {
				ALWAYS_EMBED_SWIFT_STANDARD_LIBRARIES = YES;
				BUNDLE_LOADER = "$(TEST_HOST)";
				CODE_SIGN_STYLE = Automatic;
				CURRENT_PROJECT_VERSION = 1;
				GENERATE_INFOPLIST_FILE = YES;
				IPHONEOS_DEPLOYMENT_TARGET = 17.5;
				MARKETING_VERSION = 1.0;
				PRODUCT_BUNDLE_IDENTIFIER = edu.auburn.onlinecsse.CalculatorUITests;
				PRODUCT_NAME = "$(TARGET_NAME)";
				SWIFT_EMIT_LOC_STRINGS = NO;
				SWIFT_VERSION = 5.0;
				TARGETED_DEVICE_FAMILY = "1,2";
				TEST_HOST = "$(BUILT_PRODUCTS_DIR)/CalculatorUI.app/$(BUNDLE_EXECUTABLE_FOLDER_PATH)/CalculatorUI";
			};
			name = Debug;
		};
		ECFBD0DD2C100A2B00D4D0A8 /* Release */ = {
			isa = XCBuildConfiguration;
			buildSettings = {
				ALWAYS_EMBED_SWIFT_STANDARD_LIBRARIES = YES;
				BUNDLE_LOADER = "$(TEST_HOST)";
				CODE_SIGN_STYLE = Automatic;
				CURRENT_PROJECT_VERSION = 1;
				GENERATE_INFOPLIST_FILE = YES;
				IPHONEOS_DEPLOYMENT_TARGET = 17.5;
				MARKETING_VERSION = 1.0;
				PRODUCT_BUNDLE_IDENTIFIER = edu.auburn.onlinecsse.CalculatorUITests;
				PRODUCT_NAME = "$(TARGET_NAME)";
				SWIFT_EMIT_LOC_STRINGS = NO;
				SWIFT_VERSION = 5.0;
				TARGETED_DEVICE_FAMILY = "1,2";
				TEST_HOST = "$(BUILT_PRODUCTS_DIR)/CalculatorUI.app/$(BUNDLE_EXECUTABLE_FOLDER_PATH)/CalculatorUI";
			};
			name = Release;
		};
		ECFBD0DF2C100A2B00D4D0A8 /* Debug */ = {
			isa = XCBuildConfiguration;
			buildSettings = {
				ALWAYS_EMBED_SWIFT_STANDARD_LIBRARIES = YES;
				CODE_SIGN_STYLE = Automatic;
				CURRENT_PROJECT_VERSION = 1;
				GENERATE_INFOPLIST_FILE = YES;
				MARKETING_VERSION = 1.0;
				PRODUCT_BUNDLE_IDENTIFIER = edu.auburn.onlinecsse.CalculatorUIUITests;
				PRODUCT_NAME = "$(TARGET_NAME)";
				SWIFT_EMIT_LOC_STRINGS = NO;
				SWIFT_VERSION = 5.0;
				TARGETED_DEVICE_FAMILY = "1,2";
				TEST_TARGET_NAME = CalculatorUI;
			};
			name = Debug;
		};
		ECFBD0E02C100A2B00D4D0A8 /* Release */ = {
			isa = XCBuildConfiguration;
			buildSettings = {
				ALWAYS_EMBED_SWIFT_STANDARD_LIBRARIES = YES;
				CODE_SIGN_STYLE = Automatic;
				CURRENT_PROJECT_VERSION = 1;
				GENERATE_INFOPLIST_FILE = YES;
				MARKETING_VERSION = 1.0;
				PRODUCT_BUNDLE_IDENTIFIER = edu.auburn.onlinecsse.CalculatorUIUITests;
				PRODUCT_NAME = "$(TARGET_NAME)";
				SWIFT_EMIT_LOC_STRINGS = NO;
				SWIFT_VERSION = 5.0;
				TARGETED_DEVICE_FAMILY = "1,2";
				TEST_TARGET_NAME = CalculatorUI;
			};
			name = Release;
		};
/* End XCBuildConfiguration section */

/* Begin XCConfigurationList section */
		ECFBD0A92C100A2A00D4D0A8 /* Build configuration list for PBXProject "CalculatorUI" */ = {
			isa = XCConfigurationList;
			buildConfigurations = (
				ECFBD0D62C100A2B00D4D0A8 /* Debug */,
				ECFBD0D72C100A2B00D4D0A8 /* Release */,
			);
			defaultConfigurationIsVisible = 0;
			defaultConfigurationName = Release;
		};
		ECFBD0D82C100A2B00D4D0A8 /* Build configuration list for PBXNativeTarget "CalculatorUI" */ = {
			isa = XCConfigurationList;
			buildConfigurations = (
				ECFBD0D92C100A2B00D4D0A8 /* Debug */,
				ECFBD0DA2C100A2B00D4D0A8 /* Release */,
			);
			defaultConfigurationIsVisible = 0;
			defaultConfigurationName = Release;
		};
		ECFBD0DB2C100A2B00D4D0A8 /* Build configuration list for PBXNativeTarget "CalculatorUITests" */ = {
			isa = XCConfigurationList;
			buildConfigurations = (
				ECFBD0DC2C100A2B00D4D0A8 /* Debug */,
				ECFBD0DD2C100A2B00D4D0A8 /* Release */,
			);
			defaultConfigurationIsVisible = 0;
			defaultConfigurationName = Release;
		};
		ECFBD0DE2C100A2B00D4D0A8 /* Build configuration list for PBXNativeTarget "CalculatorUIUITests" */ = {
			isa = XCConfigurationList;
			buildConfigurations = (
				ECFBD0DF2C100A2B00D4D0A8 /* Debug */,
				ECFBD0E02C100A2B00D4D0A8 /* Release */,
			);
			defaultConfigurationIsVisible = 0;
			defaultConfigurationName = Release;
		};
/* End XCConfigurationList section */
	};
	rootObject = ECFBD0A62C100A2A00D4D0A8 /* Project object */;
}
